{
  "name": "coldgate",
  "version": "0.3.0",
  "lockfileVersion": 3,
  "requires": true,
  "packages": {
    "": {
      "name": "coldgate",
      "version": "0.3.0",
      "workspaces": [
        "packages/*"
      ],
      "engines": {
        "node": ">=22.18.0"
      }
    },
    "node_modules/@frostedlogic/authority": {
      "resolved": "packages/authority",
      "link": true
    },
    "node_modules/approval-doctor": {
      "resolved": "packages/approval-doctor",
      "link": true
    },
    "node_modules/authority-diff": {
      "resolved": "packages/authority-diff",
      "link": true
    },
    "packages/approval-doctor": {
      "version": "0.3.0",
      "bin": {
        "approval-doctor": "bin/approval-doctor.js"
      },
      "engines": {
        "node": ">=22.18.0"
      }
    },
    "packages/authority": {
      "name": "@frostedlogic/authority",
      "version": "0.3.0",
      "engines": {
        "node": ">=22.18.0"
      }
    },
    "packages/authority-diff": {
      "version": "0.3.0",
      "bin": {
        "authority-diff": "bin/authority-diff.js"
      },
      "engines": {
        "node": ">=22.18.0"
      }
    }
  }
}
